
Microsoft Visual Studio Solution File, Format Version 12.00
# Visual Studio Version 16
VisualStudioVersion = 16.0.30804.86
MinimumVisualStudioVersion = 10.0.40219.1
Project("{FAE04EC0-301F-11D3-BF4B-00C04F79EFBC}") = "WebApi", "WebApi\WebApi.csproj", "{C38A4378-4803-4DAA-BE70-72E1E09A6C9A}"
EndProject
Project("{FAE04EC0-301F-11D3-BF4B-00C04F79EFBC}") = "DataAccess", "DataAccess\DataAccess.csproj", "{1EC9C1A5-2061-462C-A302-D6220AD81D3F}"
EndProject
Project("{FAE04EC0-301F-11D3-BF4B-00C04F79EFBC}") = "Core", "Core\Core.csproj", "{B8491841-97CE-407A-BD7C-E912EE1EE6E5}"
EndProject
Project("{FAE04EC0-301F-11D3-BF4B-00C04F79EFBC}") = "Entites", "Entites\Entites.csproj", "{67F33FB3-1D84-4162-A106-8D777156B74B}"
EndProject
Project("{FAE04EC0-301F-11D3-BF4B-00C04F79EFBC}") = "Business", "Business\Business.csproj", "{6701C66E-04EC-46A9-B72E-8A3EC882ED27}"
EndProject
Global
	GlobalSection(SolutionConfigurationPlatforms) = preSolution
		Debug|Any CPU = Debug|Any CPU
		Release|Any CPU = Release|Any CPU
	EndGlobalSection
	GlobalSection(ProjectConfigurationPlatforms) = postSolution
		{C38A4378-4803-4DAA-BE70-72E1E09A6C9A}.Debug|Any CPU.ActiveCfg = Debug|Any CPU
		{C38A4378-4803-4DAA-BE70-72E1E09A6C9A}.Debug|Any CPU.Build.0 = Debug|Any CPU
		{C38A4378-4803-4DAA-BE70-72E1E09A6C9A}.Release|Any CPU.ActiveCfg = Release|Any CPU
		{C38A4378-4803-4DAA-BE70-72E1E09A6C9A}.Release|Any CPU.Build.0 = Release|Any CPU
		{1EC9C1A5-2061-462C-A302-D6220AD81D3F}.Debug|Any CPU.ActiveCfg = Debug|Any CPU
		{1EC9C1A5-2061-462C-A302-D6220AD81D3F}.Debug|Any CPU.Build.0 = Debug|Any CPU
		{1EC9C1A5-2061-462C-A302-D6220AD81D3F}.Release|Any CPU.ActiveCfg = Release|Any CPU
		{1EC9C1A5-2061-462C-A302-D6220AD81D3F}.Release|Any CPU.Build.0 = Release|Any CPU
		{B8491841-97CE-407A-BD7C-E912EE1EE6E5}.Debug|Any CPU.ActiveCfg = Debug|Any CPU
		{B8491841-97CE-407A-BD7C-E912EE1EE6E5}.Debug|Any CPU.Build.0 = Debug|Any CPU
		{B8491841-97CE-407A-BD7C-E912EE1EE6E5}.Release|Any CPU.ActiveCfg = Release|Any CPU
		{B8491841-97CE-407A-BD7C-E912EE1EE6E5}.Release|Any CPU.Build.0 = Release|Any CPU
		{67F33FB3-1D84-4162-A106-8D777156B74B}.Debug|Any CPU.ActiveCfg = Debug|Any CPU
		{67F33FB3-1D84-4162-A106-8D777156B74B}.Debug|Any CPU.Build.0 = Debug|Any CPU
		{67F33FB3-1D84-4162-A106-8D777156B74B}.Release|Any CPU.ActiveCfg = Release|Any CPU
		{67F33FB3-1D84-4162-A106-8D777156B74B}.Release|Any CPU.Build.0 = Release|Any CPU
		{6701C66E-04EC-46A9-B72E-8A3EC882ED27}.Debug|Any CPU.ActiveCfg = Debug|Any CPU
		{6701C66E-04EC-46A9-B72E-8A3EC882ED27}.Debug|Any CPU.Build.0 = Debug|Any CPU
		{6701C66E-04EC-46A9-B72E-8A3EC882ED27}.Release|Any CPU.ActiveCfg = Release|Any CPU
		{6701C66E-04EC-46A9-B72E-8A3EC882ED27}.Release|Any CPU.Build.0 = Release|Any CPU
	EndGlobalSection
	GlobalSection(SolutionProperties) = preSolution
		HideSolutionNode = FALSE
	EndGlobalSection
	GlobalSection(ExtensibilityGlobals) = postSolution
		SolutionGuid = {118E9D93-2DF2-4617-B511-807469A4CCC7}
	EndGlobalSection
EndGlobal
